
Microsoft Visual Studio Solution File, Format Version 12.00
# Visual Studio Version 17
VisualStudioVersion = 17.6.33801.468
MinimumVisualStudioVersion = 10.0.40219.1
Project("{FAE04EC0-301F-11D3-BF4B-00C04F79EFBC}") = "IsPremium", "IsPremium\IsPremium.csproj", "{96D93BAE-1226-439D-B2E2-DF07E51C67D0}"
EndProject
Global
	GlobalSection(SolutionConfigurationPlatforms) = preSolution
		Debug|Any CPU = Debug|Any CPU
		Release|Any CPU = Release|Any CPU
	EndGlobalSection
	GlobalSection(ProjectConfigurationPlatforms) = postSolution
		{96D93BAE-1226-439D-B2E2-DF07E51C67D0}.Debug|Any CPU.ActiveCfg = Debug|Any CPU
		{96D93BAE-1226-439D-B2E2-DF07E51C67D0}.Debug|Any CPU.Build.0 = Debug|Any CPU
		{96D93BAE-1226-439D-B2E2-DF07E51C67D0}.Release|Any CPU.ActiveCfg = Release|Any CPU
		{96D93BAE-1226-439D-B2E2-DF07E51C67D0}.Release|Any CPU.Build.0 = Release|Any CPU
	EndGlobalSection
	GlobalSection(SolutionProperties) = preSolution
		HideSolutionNode = FALSE
	EndGlobalSection
	GlobalSection(ExtensibilityGlobals) = postSolution
		SolutionGuid = {60A3A13F-0ED3-4DF5-97C2-97D04EFCC6E5}
	EndGlobalSection
EndGlobal
